
Microsoft Visual Studio Solution File, Format Version 12.00
# Visual Studio Version 17
VisualStudioVersion = 17.0.32014.148
MinimumVisualStudioVersion = 10.0.40219.1
Project("{FAE04EC0-301F-11D3-BF4B-00C04F79EFBC}") = "TypeScript_Theory", "TypeScript_Theory\TypeScript_Theory.csproj", "{2F56478E-2B9F-4754-8317-62846AD9E8AA}"
EndProject
Global
	GlobalSection(SolutionConfigurationPlatforms) = preSolution
		Debug|Any CPU = Debug|Any CPU
		Release|Any CPU = Release|Any CPU
	EndGlobalSection
	GlobalSection(ProjectConfigurationPlatforms) = postSolution
		{2F56478E-2B9F-4754-8317-62846AD9E8AA}.Debug|Any CPU.ActiveCfg = Debug|Any CPU
		{2F56478E-2B9F-4754-8317-62846AD9E8AA}.Debug|Any CPU.Build.0 = Debug|Any CPU
		{2F56478E-2B9F-4754-8317-62846AD9E8AA}.Release|Any CPU.ActiveCfg = Release|Any CPU
		{2F56478E-2B9F-4754-8317-62846AD9E8AA}.Release|Any CPU.Build.0 = Release|Any CPU
	EndGlobalSection
	GlobalSection(SolutionProperties) = preSolution
		HideSolutionNode = FALSE
	EndGlobalSection
	GlobalSection(ExtensibilityGlobals) = postSolution
		SolutionGuid = {43384CD5-C0D4-4C65-8974-F6B2C07D215A}
	EndGlobalSection
EndGlobal
